
Microsoft Visual Studio Solution File, Format Version 12.00
# Visual Studio Version 16
VisualStudioVersion = 16.0.31515.178
MinimumVisualStudioVersion = 10.0.40219.1
Project("{FAE04EC0-301F-11D3-BF4B-00C04F79EFBC}") = "Binary Converter3.0", "Binary Converter3.0.csproj", "{D09B58B3-3ADF-4271-851E-33F7CE1964AE}"
EndProject
Project("{54435603-DBB4-11D2-8724-00A0C9A8B90C}") = "Setup", "..\Setup\Setup.vdproj", "{8767A7B8-9E76-4231-B4C4-A331B49A31D2}"
EndProject
Project("{FAE04EC0-301F-11D3-BF4B-00C04F79EFBC}") = "ConsoleApp6", "..\ConsoleApp6\ConsoleApp6.csproj", "{BD3F6D0B-EFF9-4630-906B-968E92C80C3D}"
EndProject
Global
	GlobalSection(SolutionConfigurationPlatforms) = preSolution
		Debug|Any CPU = Debug|Any CPU
		Release|Any CPU = Release|Any CPU
	EndGlobalSection
	GlobalSection(ProjectConfigurationPlatforms) = postSolution
		{D09B58B3-3ADF-4271-851E-33F7CE1964AE}.Debug|Any CPU.ActiveCfg = Debug|Any CPU
		{D09B58B3-3ADF-4271-851E-33F7CE1964AE}.Debug|Any CPU.Build.0 = Debug|Any CPU
		{D09B58B3-3ADF-4271-851E-33F7CE1964AE}.Release|Any CPU.ActiveCfg = Release|Any CPU
		{D09B58B3-3ADF-4271-851E-33F7CE1964AE}.Release|Any CPU.Build.0 = Release|Any CPU
		{8767A7B8-9E76-4231-B4C4-A331B49A31D2}.Debug|Any CPU.ActiveCfg = Debug
		{8767A7B8-9E76-4231-B4C4-A331B49A31D2}.Release|Any CPU.ActiveCfg = Release
		{BD3F6D0B-EFF9-4630-906B-968E92C80C3D}.Debug|Any CPU.ActiveCfg = Debug|Any CPU
		{BD3F6D0B-EFF9-4630-906B-968E92C80C3D}.Debug|Any CPU.Build.0 = Debug|Any CPU
		{BD3F6D0B-EFF9-4630-906B-968E92C80C3D}.Release|Any CPU.ActiveCfg = Release|Any CPU
		{BD3F6D0B-EFF9-4630-906B-968E92C80C3D}.Release|Any CPU.Build.0 = Release|Any CPU
	EndGlobalSection
	GlobalSection(SolutionProperties) = preSolution
		HideSolutionNode = FALSE
	EndGlobalSection
	GlobalSection(ExtensibilityGlobals) = postSolution
		SolutionGuid = {C4318853-77FF-42D4-8277-BB588C51B762}
	EndGlobalSection
EndGlobal
